
Microsoft Visual Studio Solution File, Format Version 12.00
# Visual Studio Version 16
VisualStudioVersion = 25.0.1705.2
MinimumVisualStudioVersion = 10.0.40219.1
Project("{FAE04EC0-301F-11D3-BF4B-00C04F79EFBC}") = "VillaApi", "VillaApi\VillaApi.csproj", "{BB0F6893-CC8A-43D4-9ED7-B0131D338E16}"
EndProject
Global
	GlobalSection(SolutionConfigurationPlatforms) = preSolution
		Debug|Any CPU = Debug|Any CPU
		Release|Any CPU = Release|Any CPU
	EndGlobalSection
	GlobalSection(ProjectConfigurationPlatforms) = postSolution
		{BB0F6893-CC8A-43D4-9ED7-B0131D338E16}.Debug|Any CPU.ActiveCfg = Debug|Any CPU
		{BB0F6893-CC8A-43D4-9ED7-B0131D338E16}.Debug|Any CPU.Build.0 = Debug|Any CPU
		{BB0F6893-CC8A-43D4-9ED7-B0131D338E16}.Release|Any CPU.ActiveCfg = Release|Any CPU
		{BB0F6893-CC8A-43D4-9ED7-B0131D338E16}.Release|Any CPU.Build.0 = Release|Any CPU
	EndGlobalSection
	GlobalSection(SolutionProperties) = preSolution
		HideSolutionNode = FALSE
	EndGlobalSection
	GlobalSection(ExtensibilityGlobals) = postSolution
		SolutionGuid = {FF4A8786-30A3-4725-9275-2AEE8B44A371}
	EndGlobalSection
EndGlobal
